
Microsoft Visual Studio Solution File, Format Version 12.00
# Visual Studio 15
Project("{FAE04EC0-301F-11D3-BF4B-00C04F79EFBC}") = "Assembly-CSharp", "Assembly-CSharp.csproj", "{B55BF3C3-E87C-9849-BBE5-B3AF8E6138A8}"
EndProject
Project("{FAE04EC0-301F-11D3-BF4B-00C04F79EFBC}") = "Assembly-CSharp-Editor", "Assembly-CSharp-Editor.csproj", "{4B3AEA94-D1F7-D15E-DCB3-03E5FB959773}"
EndProject
Global
	GlobalSection(SolutionConfigurationPlatforms) = preSolution
		Debug|Any CPU = Debug|Any CPU
		Release|Any CPU = Release|Any CPU
	EndGlobalSection
	GlobalSection(ProjectConfigurationPlatforms) = postSolution
		{B55BF3C3-E87C-9849-BBE5-B3AF8E6138A8}.Debug|Any CPU.ActiveCfg = Debug|Any CPU
		{B55BF3C3-E87C-9849-BBE5-B3AF8E6138A8}.Debug|Any CPU.Build.0 = Debug|Any CPU
		{B55BF3C3-E87C-9849-BBE5-B3AF8E6138A8}.Release|Any CPU.ActiveCfg = Release|Any CPU
		{B55BF3C3-E87C-9849-BBE5-B3AF8E6138A8}.Release|Any CPU.Build.0 = Release|Any CPU
		{4B3AEA94-D1F7-D15E-DCB3-03E5FB959773}.Debug|Any CPU.ActiveCfg = Debug|Any CPU
		{4B3AEA94-D1F7-D15E-DCB3-03E5FB959773}.Debug|Any CPU.Build.0 = Debug|Any CPU
		{4B3AEA94-D1F7-D15E-DCB3-03E5FB959773}.Release|Any CPU.ActiveCfg = Release|Any CPU
		{4B3AEA94-D1F7-D15E-DCB3-03E5FB959773}.Release|Any CPU.Build.0 = Release|Any CPU
	EndGlobalSection
	GlobalSection(SolutionProperties) = preSolution
		HideSolutionNode = FALSE
	EndGlobalSection
EndGlobal
